
Microsoft Visual Studio Solution File, Format Version 12.00
# Visual Studio Version 17
VisualStudioVersion = 17.8.34525.116
MinimumVisualStudioVersion = 10.0.40219.1
Project("{FAE04EC0-301F-11D3-BF4B-00C04F79EFBC}") = "Lista_1_ex8", "Lista_1_ex8\Lista_1_ex8.csproj", "{A7907C0C-EDE6-44C6-B9D7-C32AE59357B8}"
EndProject
Global
	GlobalSection(SolutionConfigurationPlatforms) = preSolution
		Debug|Any CPU = Debug|Any CPU
		Release|Any CPU = Release|Any CPU
	EndGlobalSection
	GlobalSection(ProjectConfigurationPlatforms) = postSolution
		{A7907C0C-EDE6-44C6-B9D7-C32AE59357B8}.Debug|Any CPU.ActiveCfg = Debug|Any CPU
		{A7907C0C-EDE6-44C6-B9D7-C32AE59357B8}.Debug|Any CPU.Build.0 = Debug|Any CPU
		{A7907C0C-EDE6-44C6-B9D7-C32AE59357B8}.Release|Any CPU.ActiveCfg = Release|Any CPU
		{A7907C0C-EDE6-44C6-B9D7-C32AE59357B8}.Release|Any CPU.Build.0 = Release|Any CPU
	EndGlobalSection
	GlobalSection(SolutionProperties) = preSolution
		HideSolutionNode = FALSE
	EndGlobalSection
	GlobalSection(ExtensibilityGlobals) = postSolution
		SolutionGuid = {9DC1546E-7C81-4A56-98DF-9909D716D7D8}
	EndGlobalSection
EndGlobal
